
Microsoft Visual Studio Solution File, Format Version 12.00
# Visual Studio Version 16
VisualStudioVersion = 16.0.31613.86
MinimumVisualStudioVersion = 10.0.40219.1
Project("{8BC9CEB8-8B4A-11D0-8D11-00A0C91BC942}") = "Lab6.1.2", "Lab6.1.2\Lab6.1.2.vcxproj", "{F549FF76-1A40-4956-91F8-3A2B319A1E59}"
EndProject
Project("{8BC9CEB8-8B4A-11D0-8D11-00A0C91BC942}") = "UnitTest", "UnitTest\UnitTest.vcxproj", "{D592B9F2-7D0A-4277-A6D1-ADA9B9B3798F}"
EndProject
Global
	GlobalSection(SolutionConfigurationPlatforms) = preSolution
		Debug|x64 = Debug|x64
		Debug|x86 = Debug|x86
		Release|x64 = Release|x64
		Release|x86 = Release|x86
	EndGlobalSection
	GlobalSection(ProjectConfigurationPlatforms) = postSolution
		{F549FF76-1A40-4956-91F8-3A2B319A1E59}.Debug|x64.ActiveCfg = Debug|x64
		{F549FF76-1A40-4956-91F8-3A2B319A1E59}.Debug|x64.Build.0 = Debug|x64
		{F549FF76-1A40-4956-91F8-3A2B319A1E59}.Debug|x86.ActiveCfg = Debug|Win32
		{F549FF76-1A40-4956-91F8-3A2B319A1E59}.Debug|x86.Build.0 = Debug|Win32
		{F549FF76-1A40-4956-91F8-3A2B319A1E59}.Release|x64.ActiveCfg = Release|x64
		{F549FF76-1A40-4956-91F8-3A2B319A1E59}.Release|x64.Build.0 = Release|x64
		{F549FF76-1A40-4956-91F8-3A2B319A1E59}.Release|x86.ActiveCfg = Release|Win32
		{F549FF76-1A40-4956-91F8-3A2B319A1E59}.Release|x86.Build.0 = Release|Win32
		{D592B9F2-7D0A-4277-A6D1-ADA9B9B3798F}.Debug|x64.ActiveCfg = Debug|x64
		{D592B9F2-7D0A-4277-A6D1-ADA9B9B3798F}.Debug|x64.Build.0 = Debug|x64
		{D592B9F2-7D0A-4277-A6D1-ADA9B9B3798F}.Debug|x86.ActiveCfg = Debug|Win32
		{D592B9F2-7D0A-4277-A6D1-ADA9B9B3798F}.Debug|x86.Build.0 = Debug|Win32
		{D592B9F2-7D0A-4277-A6D1-ADA9B9B3798F}.Release|x64.ActiveCfg = Release|x64
		{D592B9F2-7D0A-4277-A6D1-ADA9B9B3798F}.Release|x64.Build.0 = Release|x64
		{D592B9F2-7D0A-4277-A6D1-ADA9B9B3798F}.Release|x86.ActiveCfg = Release|Win32
		{D592B9F2-7D0A-4277-A6D1-ADA9B9B3798F}.Release|x86.Build.0 = Release|Win32
	EndGlobalSection
	GlobalSection(SolutionProperties) = preSolution
		HideSolutionNode = FALSE
	EndGlobalSection
	GlobalSection(ExtensibilityGlobals) = postSolution
		SolutionGuid = {0C7437FB-FD72-49EB-B9D2-DB7549259A75}
	EndGlobalSection
EndGlobal
